
Microsoft Visual Studio Solution File, Format Version 12.00
Project("{FAE04EC0-301F-11D3-BF4B-00C04F79EFBC}") = "g0v0.Server.Common", "g0v0.Server.Common\g0v0.Server.Common.csproj", "{55FCE4E9-2B29-42A7-9955-197C86AE17FE}"
EndProject
Project("{FAE04EC0-301F-11D3-BF4B-00C04F79EFBC}") = "g0v0.Server.Common.Tests", "g0v0.Server.Common.Tests\g0v0.Server.Common.Tests.csproj", "{A9A5651F-5ADE-4A55-9C1A-D454AFA1008E}"
EndProject
Global
	GlobalSection(SolutionConfigurationPlatforms) = preSolution
		Debug|Any CPU = Debug|Any CPU
		Release|Any CPU = Release|Any CPU
	EndGlobalSection
	GlobalSection(ProjectConfigurationPlatforms) = postSolution
		{55FCE4E9-2B29-42A7-9955-197C86AE17FE}.Debug|Any CPU.ActiveCfg = Debug|Any CPU
		{55FCE4E9-2B29-42A7-9955-197C86AE17FE}.Debug|Any CPU.Build.0 = Debug|Any CPU
		{55FCE4E9-2B29-42A7-9955-197C86AE17FE}.Release|Any CPU.ActiveCfg = Release|Any CPU
		{55FCE4E9-2B29-42A7-9955-197C86AE17FE}.Release|Any CPU.Build.0 = Release|Any CPU
		{A9A5651F-5ADE-4A55-9C1A-D454AFA1008E}.Debug|Any CPU.ActiveCfg = Debug|Any CPU
		{A9A5651F-5ADE-4A55-9C1A-D454AFA1008E}.Debug|Any CPU.Build.0 = Debug|Any CPU
		{A9A5651F-5ADE-4A55-9C1A-D454AFA1008E}.Release|Any CPU.ActiveCfg = Release|Any CPU
		{A9A5651F-5ADE-4A55-9C1A-D454AFA1008E}.Release|Any CPU.Build.0 = Release|Any CPU
	EndGlobalSection
EndGlobal
